
Microsoft Visual Studio Solution File, Format Version 12.00
# Visual Studio Version 17
VisualStudioVersion = 17.5.002.0
MinimumVisualStudioVersion = 10.0.40219.1
Project("{9A19103F-16F7-4668-BE54-9A1E7A4F7556}") = "maps-auth", "maps-auth.csproj", "{B668B351-7A25-4336-822A-283B1919CACC}"
EndProject
Global
	GlobalSection(SolutionConfigurationPlatforms) = preSolution
		Debug|Any CPU = Debug|Any CPU
		Release|Any CPU = Release|Any CPU
	EndGlobalSection
	GlobalSection(ProjectConfigurationPlatforms) = postSolution
		{B668B351-7A25-4336-822A-283B1919CACC}.Debug|Any CPU.ActiveCfg = Debug|Any CPU
		{B668B351-7A25-4336-822A-283B1919CACC}.Debug|Any CPU.Build.0 = Debug|Any CPU
		{B668B351-7A25-4336-822A-283B1919CACC}.Release|Any CPU.ActiveCfg = Release|Any CPU
		{B668B351-7A25-4336-822A-283B1919CACC}.Release|Any CPU.Build.0 = Release|Any CPU
	EndGlobalSection
	GlobalSection(SolutionProperties) = preSolution
		HideSolutionNode = FALSE
	EndGlobalSection
	GlobalSection(ExtensibilityGlobals) = postSolution
		SolutionGuid = {A54F903D-4F62-48CF-B078-10957B513D02}
	EndGlobalSection
EndGlobal
